
Microsoft Visual Studio Solution File, Format Version 12.00
# Visual Studio Version 17
VisualStudioVersion = 17.4.33213.308
MinimumVisualStudioVersion = 10.0.40219.1
Project("{FAE04EC0-301F-11D3-BF4B-00C04F79EFBC}") = "High_Low_Number Guessing_Game", "High_Low_Number Guessing_Game\High_Low_Number Guessing_Game.csproj", "{F5F28FAD-1AD4-4C9C-A94C-6B013B72CCCC}"
EndProject
Global
	GlobalSection(SolutionConfigurationPlatforms) = preSolution
		Debug|Any CPU = Debug|Any CPU
		Release|Any CPU = Release|Any CPU
	EndGlobalSection
	GlobalSection(ProjectConfigurationPlatforms) = postSolution
		{F5F28FAD-1AD4-4C9C-A94C-6B013B72CCCC}.Debug|Any CPU.ActiveCfg = Debug|Any CPU
		{F5F28FAD-1AD4-4C9C-A94C-6B013B72CCCC}.Debug|Any CPU.Build.0 = Debug|Any CPU
		{F5F28FAD-1AD4-4C9C-A94C-6B013B72CCCC}.Release|Any CPU.ActiveCfg = Release|Any CPU
		{F5F28FAD-1AD4-4C9C-A94C-6B013B72CCCC}.Release|Any CPU.Build.0 = Release|Any CPU
	EndGlobalSection
	GlobalSection(SolutionProperties) = preSolution
		HideSolutionNode = FALSE
	EndGlobalSection
	GlobalSection(ExtensibilityGlobals) = postSolution
		SolutionGuid = {F185BC8D-FEF6-411F-9551-58CF143E67ED}
	EndGlobalSection
EndGlobal
